
Microsoft Visual Studio Solution File, Format Version 12.00
# Visual Studio Version 17
VisualStudioVersion = 17.8.34316.72
MinimumVisualStudioVersion = 10.0.40219.1
Project("{FAE04EC0-301F-11D3-BF4B-00C04F79EFBC}") = "HelloWorld", "HelloWorld\HelloWorld.csproj", "{B30151A1-4900-47D9-8203-12C716B9B10D}"
EndProject
Project("{FAE04EC0-301F-11D3-BF4B-00C04F79EFBC}") = "HelloWorld2", "HelloWorld2\HelloWorld2.csproj", "{27165A5C-729A-4509-A8D4-AEF051A53EC8}"
EndProject
Global
	GlobalSection(SolutionConfigurationPlatforms) = preSolution
		Debug|Any CPU = Debug|Any CPU
		Release|Any CPU = Release|Any CPU
	EndGlobalSection
	GlobalSection(ProjectConfigurationPlatforms) = postSolution
		{B30151A1-4900-47D9-8203-12C716B9B10D}.Debug|Any CPU.ActiveCfg = Debug|Any CPU
		{B30151A1-4900-47D9-8203-12C716B9B10D}.Debug|Any CPU.Build.0 = Debug|Any CPU
		{B30151A1-4900-47D9-8203-12C716B9B10D}.Release|Any CPU.ActiveCfg = Release|Any CPU
		{B30151A1-4900-47D9-8203-12C716B9B10D}.Release|Any CPU.Build.0 = Release|Any CPU
		{27165A5C-729A-4509-A8D4-AEF051A53EC8}.Debug|Any CPU.ActiveCfg = Debug|Any CPU
		{27165A5C-729A-4509-A8D4-AEF051A53EC8}.Debug|Any CPU.Build.0 = Debug|Any CPU
		{27165A5C-729A-4509-A8D4-AEF051A53EC8}.Release|Any CPU.ActiveCfg = Release|Any CPU
		{27165A5C-729A-4509-A8D4-AEF051A53EC8}.Release|Any CPU.Build.0 = Release|Any CPU
	EndGlobalSection
	GlobalSection(SolutionProperties) = preSolution
		HideSolutionNode = FALSE
	EndGlobalSection
	GlobalSection(ExtensibilityGlobals) = postSolution
		SolutionGuid = {37309E52-B469-4DDA-B826-8C97D3A256D7}
	EndGlobalSection
EndGlobal
